
Microsoft Visual Studio Solution File, Format Version 12.00
# Visual Studio Version 17
VisualStudioVersion = 17.4.33205.214
MinimumVisualStudioVersion = 10.0.40219.1
Project("{FAE04EC0-301F-11D3-BF4B-00C04F79EFBC}") = "Ejemplo de cambio de imagen source", "Ejemplo de cambio de imagen source\Ejemplo de cambio de imagen source.csproj", "{5287804F-4C3C-4AD3-9302-3F59437B524A}"
EndProject
Global
	GlobalSection(SolutionConfigurationPlatforms) = preSolution
		Debug|Any CPU = Debug|Any CPU
		Release|Any CPU = Release|Any CPU
	EndGlobalSection
	GlobalSection(ProjectConfigurationPlatforms) = postSolution
		{5287804F-4C3C-4AD3-9302-3F59437B524A}.Debug|Any CPU.ActiveCfg = Debug|Any CPU
		{5287804F-4C3C-4AD3-9302-3F59437B524A}.Debug|Any CPU.Build.0 = Debug|Any CPU
		{5287804F-4C3C-4AD3-9302-3F59437B524A}.Release|Any CPU.ActiveCfg = Release|Any CPU
		{5287804F-4C3C-4AD3-9302-3F59437B524A}.Release|Any CPU.Build.0 = Release|Any CPU
	EndGlobalSection
	GlobalSection(SolutionProperties) = preSolution
		HideSolutionNode = FALSE
	EndGlobalSection
	GlobalSection(ExtensibilityGlobals) = postSolution
		SolutionGuid = {380C2E86-31D5-4F55-9351-0ED811184492}
	EndGlobalSection
EndGlobal
